
Microsoft Visual Studio Solution File, Format Version 12.00
# Visual Studio Version 16
VisualStudioVersion = 16.0.29926.136
MinimumVisualStudioVersion = 10.0.40219.1
Project("{FAE04EC0-301F-11D3-BF4B-00C04F79EFBC}") = "Less_1_1", "Less_1\Less_1_1.csproj", "{4D2EE879-5BEB-4815-821C-E9DD6F52279A}"
EndProject
Project("{FAE04EC0-301F-11D3-BF4B-00C04F79EFBC}") = "Less_1_2", "Less_1_2\Less_1_2.csproj", "{B81418DD-0381-4884-80FF-C70461D98EB7}"
EndProject
Project("{FAE04EC0-301F-11D3-BF4B-00C04F79EFBC}") = "Less_1_3", "Less_1_3\Less_1_3.csproj", "{EA04EE87-2041-4A10-BDA5-AE9FF31CABC6}"
EndProject
Project("{FAE04EC0-301F-11D3-BF4B-00C04F79EFBC}") = "Less_1_4", "Less_1_4\Less_1_4.csproj", "{D226E002-3F3C-4058-93ED-B87386674475}"
EndProject
Project("{FAE04EC0-301F-11D3-BF4B-00C04F79EFBC}") = "Less_1_5", "Less_1_5\Less_1_5.csproj", "{88BE6F03-FA5F-4B24-AF5D-FCD30F9D64AB}"
EndProject
Project("{FAE04EC0-301F-11D3-BF4B-00C04F79EFBC}") = "V_Class", "V_Class\V_Class.csproj", "{9E292E29-C409-4C11-B7A9-7761EA10CA1B}"
EndProject
Global
	GlobalSection(SolutionConfigurationPlatforms) = preSolution
		Debug|Any CPU = Debug|Any CPU
		Release|Any CPU = Release|Any CPU
	EndGlobalSection
	GlobalSection(ProjectConfigurationPlatforms) = postSolution
		{4D2EE879-5BEB-4815-821C-E9DD6F52279A}.Debug|Any CPU.ActiveCfg = Debug|Any CPU
		{4D2EE879-5BEB-4815-821C-E9DD6F52279A}.Debug|Any CPU.Build.0 = Debug|Any CPU
		{4D2EE879-5BEB-4815-821C-E9DD6F52279A}.Release|Any CPU.ActiveCfg = Release|Any CPU
		{4D2EE879-5BEB-4815-821C-E9DD6F52279A}.Release|Any CPU.Build.0 = Release|Any CPU
		{B81418DD-0381-4884-80FF-C70461D98EB7}.Debug|Any CPU.ActiveCfg = Debug|Any CPU
		{B81418DD-0381-4884-80FF-C70461D98EB7}.Debug|Any CPU.Build.0 = Debug|Any CPU
		{B81418DD-0381-4884-80FF-C70461D98EB7}.Release|Any CPU.ActiveCfg = Release|Any CPU
		{B81418DD-0381-4884-80FF-C70461D98EB7}.Release|Any CPU.Build.0 = Release|Any CPU
		{EA04EE87-2041-4A10-BDA5-AE9FF31CABC6}.Debug|Any CPU.ActiveCfg = Debug|Any CPU
		{EA04EE87-2041-4A10-BDA5-AE9FF31CABC6}.Debug|Any CPU.Build.0 = Debug|Any CPU
		{EA04EE87-2041-4A10-BDA5-AE9FF31CABC6}.Release|Any CPU.ActiveCfg = Release|Any CPU
		{EA04EE87-2041-4A10-BDA5-AE9FF31CABC6}.Release|Any CPU.Build.0 = Release|Any CPU
		{D226E002-3F3C-4058-93ED-B87386674475}.Debug|Any CPU.ActiveCfg = Debug|Any CPU
		{D226E002-3F3C-4058-93ED-B87386674475}.Debug|Any CPU.Build.0 = Debug|Any CPU
		{D226E002-3F3C-4058-93ED-B87386674475}.Release|Any CPU.ActiveCfg = Release|Any CPU
		{D226E002-3F3C-4058-93ED-B87386674475}.Release|Any CPU.Build.0 = Release|Any CPU
		{88BE6F03-FA5F-4B24-AF5D-FCD30F9D64AB}.Debug|Any CPU.ActiveCfg = Debug|Any CPU
		{88BE6F03-FA5F-4B24-AF5D-FCD30F9D64AB}.Debug|Any CPU.Build.0 = Debug|Any CPU
		{88BE6F03-FA5F-4B24-AF5D-FCD30F9D64AB}.Release|Any CPU.ActiveCfg = Release|Any CPU
		{88BE6F03-FA5F-4B24-AF5D-FCD30F9D64AB}.Release|Any CPU.Build.0 = Release|Any CPU
		{9E292E29-C409-4C11-B7A9-7761EA10CA1B}.Debug|Any CPU.ActiveCfg = Debug|Any CPU
		{9E292E29-C409-4C11-B7A9-7761EA10CA1B}.Debug|Any CPU.Build.0 = Debug|Any CPU
		{9E292E29-C409-4C11-B7A9-7761EA10CA1B}.Release|Any CPU.ActiveCfg = Release|Any CPU
		{9E292E29-C409-4C11-B7A9-7761EA10CA1B}.Release|Any CPU.Build.0 = Release|Any CPU
	EndGlobalSection
	GlobalSection(SolutionProperties) = preSolution
		HideSolutionNode = FALSE
	EndGlobalSection
	GlobalSection(ExtensibilityGlobals) = postSolution
		SolutionGuid = {506A54C2-F6D2-48E3-97C4-7B1DDE5381B5}
	EndGlobalSection
EndGlobal
